
Microsoft Visual Studio Solution File, Format Version 12.00
# Visual Studio 15
VisualStudioVersion = 15.0.28307.106
MinimumVisualStudioVersion = 10.0.40219.1
Project("{FAE04EC0-301F-11D3-BF4B-00C04F79EFBC}") = "Objektinis", "Objektinis\Objektinis.csproj", "{5B2AF8ED-B071-4054-A53E-4526D39EA1E4}"
EndProject
Project("{FAE04EC0-301F-11D3-BF4B-00C04F79EFBC}") = "Iterator", "Iterator\Iterator.csproj", "{6183392F-C910-4364-AE82-1A36F9DBA248}"
EndProject
Project("{FAE04EC0-301F-11D3-BF4B-00C04F79EFBC}") = "Visitor", "Visitor\Visitor.csproj", "{20435A2D-DF7F-40E4-9CDF-1BFC54F01BB1}"
EndProject
Project("{FAE04EC0-301F-11D3-BF4B-00C04F79EFBC}") = "Proxy", "Proxy\Proxy.csproj", "{B92261D1-BDF4-4AC2-B5A0-5D779FF46547}"
EndProject
Project("{FAE04EC0-301F-11D3-BF4B-00C04F79EFBC}") = "TemplateMethod", "TemplateMethod\TemplateMethod.csproj", "{9C990A38-F939-4A91-8C1E-4CCC99520D25}"
EndProject
Project("{FAE04EC0-301F-11D3-BF4B-00C04F79EFBC}") = "Memento", "Memento\Memento.csproj", "{B65B3FA6-838A-4F92-840E-6811843AB517}"
EndProject
Project("{FAE04EC0-301F-11D3-BF4B-00C04F79EFBC}") = "Flyweight", "Flyweight\Flyweight.csproj", "{277C1EE8-4D7A-42F6-9EBD-FEA51738D307}"
EndProject
Project("{FAE04EC0-301F-11D3-BF4B-00C04F79EFBC}") = "State", "State\State.csproj", "{8339A398-003A-4ADD-8B8E-EABDC8091504}"
EndProject
Global
	GlobalSection(SolutionConfigurationPlatforms) = preSolution
		Debug|Any CPU = Debug|Any CPU
		Release|Any CPU = Release|Any CPU
	EndGlobalSection
	GlobalSection(ProjectConfigurationPlatforms) = postSolution
		{5B2AF8ED-B071-4054-A53E-4526D39EA1E4}.Debug|Any CPU.ActiveCfg = Debug|Any CPU
		{5B2AF8ED-B071-4054-A53E-4526D39EA1E4}.Debug|Any CPU.Build.0 = Debug|Any CPU
		{5B2AF8ED-B071-4054-A53E-4526D39EA1E4}.Release|Any CPU.ActiveCfg = Release|Any CPU
		{5B2AF8ED-B071-4054-A53E-4526D39EA1E4}.Release|Any CPU.Build.0 = Release|Any CPU
		{6183392F-C910-4364-AE82-1A36F9DBA248}.Debug|Any CPU.ActiveCfg = Debug|Any CPU
		{6183392F-C910-4364-AE82-1A36F9DBA248}.Debug|Any CPU.Build.0 = Debug|Any CPU
		{6183392F-C910-4364-AE82-1A36F9DBA248}.Release|Any CPU.ActiveCfg = Release|Any CPU
		{6183392F-C910-4364-AE82-1A36F9DBA248}.Release|Any CPU.Build.0 = Release|Any CPU
		{20435A2D-DF7F-40E4-9CDF-1BFC54F01BB1}.Debug|Any CPU.ActiveCfg = Debug|Any CPU
		{20435A2D-DF7F-40E4-9CDF-1BFC54F01BB1}.Debug|Any CPU.Build.0 = Debug|Any CPU
		{20435A2D-DF7F-40E4-9CDF-1BFC54F01BB1}.Release|Any CPU.ActiveCfg = Release|Any CPU
		{20435A2D-DF7F-40E4-9CDF-1BFC54F01BB1}.Release|Any CPU.Build.0 = Release|Any CPU
		{B92261D1-BDF4-4AC2-B5A0-5D779FF46547}.Debug|Any CPU.ActiveCfg = Debug|Any CPU
		{B92261D1-BDF4-4AC2-B5A0-5D779FF46547}.Debug|Any CPU.Build.0 = Debug|Any CPU
		{B92261D1-BDF4-4AC2-B5A0-5D779FF46547}.Release|Any CPU.ActiveCfg = Release|Any CPU
		{B92261D1-BDF4-4AC2-B5A0-5D779FF46547}.Release|Any CPU.Build.0 = Release|Any CPU
		{9C990A38-F939-4A91-8C1E-4CCC99520D25}.Debug|Any CPU.ActiveCfg = Debug|Any CPU
		{9C990A38-F939-4A91-8C1E-4CCC99520D25}.Debug|Any CPU.Build.0 = Debug|Any CPU
		{9C990A38-F939-4A91-8C1E-4CCC99520D25}.Release|Any CPU.ActiveCfg = Release|Any CPU
		{9C990A38-F939-4A91-8C1E-4CCC99520D25}.Release|Any CPU.Build.0 = Release|Any CPU
		{B65B3FA6-838A-4F92-840E-6811843AB517}.Debug|Any CPU.ActiveCfg = Debug|Any CPU
		{B65B3FA6-838A-4F92-840E-6811843AB517}.Debug|Any CPU.Build.0 = Debug|Any CPU
		{B65B3FA6-838A-4F92-840E-6811843AB517}.Release|Any CPU.ActiveCfg = Release|Any CPU
		{B65B3FA6-838A-4F92-840E-6811843AB517}.Release|Any CPU.Build.0 = Release|Any CPU
		{277C1EE8-4D7A-42F6-9EBD-FEA51738D307}.Debug|Any CPU.ActiveCfg = Debug|Any CPU
		{277C1EE8-4D7A-42F6-9EBD-FEA51738D307}.Debug|Any CPU.Build.0 = Debug|Any CPU
		{277C1EE8-4D7A-42F6-9EBD-FEA51738D307}.Release|Any CPU.ActiveCfg = Release|Any CPU
		{277C1EE8-4D7A-42F6-9EBD-FEA51738D307}.Release|Any CPU.Build.0 = Release|Any CPU
		{8339A398-003A-4ADD-8B8E-EABDC8091504}.Debug|Any CPU.ActiveCfg = Debug|Any CPU
		{8339A398-003A-4ADD-8B8E-EABDC8091504}.Debug|Any CPU.Build.0 = Debug|Any CPU
		{8339A398-003A-4ADD-8B8E-EABDC8091504}.Release|Any CPU.ActiveCfg = Release|Any CPU
		{8339A398-003A-4ADD-8B8E-EABDC8091504}.Release|Any CPU.Build.0 = Release|Any CPU
	EndGlobalSection
	GlobalSection(SolutionProperties) = preSolution
		HideSolutionNode = FALSE
	EndGlobalSection
	GlobalSection(ExtensibilityGlobals) = postSolution
		SolutionGuid = {44CC775E-0B3A-4CDC-9073-0F2A68A0D446}
	EndGlobalSection
EndGlobal
